
Microsoft Visual Studio Solution File, Format Version 12.00
# Visual Studio Version 16
VisualStudioVersion = 16.0.31613.86
MinimumVisualStudioVersion = 10.0.40219.1
Project("{FAE04EC0-301F-11D3-BF4B-00C04F79EFBC}") = "ApplicationExceptionProjectDemo", "ApplicationExceptionProjectDemo.csproj", "{FDCCCB35-0CF4-49C6-830C-8EDED98FA476}"
EndProject
Global
	GlobalSection(SolutionConfigurationPlatforms) = preSolution
		Debug|Any CPU = Debug|Any CPU
		Release|Any CPU = Release|Any CPU
	EndGlobalSection
	GlobalSection(ProjectConfigurationPlatforms) = postSolution
		{FDCCCB35-0CF4-49C6-830C-8EDED98FA476}.Debug|Any CPU.ActiveCfg = Debug|Any CPU
		{FDCCCB35-0CF4-49C6-830C-8EDED98FA476}.Debug|Any CPU.Build.0 = Debug|Any CPU
		{FDCCCB35-0CF4-49C6-830C-8EDED98FA476}.Release|Any CPU.ActiveCfg = Release|Any CPU
		{FDCCCB35-0CF4-49C6-830C-8EDED98FA476}.Release|Any CPU.Build.0 = Release|Any CPU
	EndGlobalSection
	GlobalSection(SolutionProperties) = preSolution
		HideSolutionNode = FALSE
	EndGlobalSection
	GlobalSection(ExtensibilityGlobals) = postSolution
		SolutionGuid = {4753F257-E83F-4A2E-B7CF-4F511EC3CA3E}
	EndGlobalSection
EndGlobal
